{
    "version": "0.5",
    "requires": [
        "zlib/1.3.2#1cb806da49011867778ffb6ac7190fcb%1777558780.503",
        "yaml-cpp/0.9.0#237a808ce73af0e5f32ba2834ae2baf0%1773328004.122",
        "re2/20251105#8579cfd0bda4daf0683f9e3898f964b4%1772560729.95",
        "protobuf/6.33.5#ca5ff466767b31a1b496ec60247e105c%1785159690.783",
        "prometheus-cpp/1.3.0#bc7a2580b50b71325073289320205af0%1730724347.343",
        "opentelemetry-cpp/1.26.0#000b96632e39f3672f8576bf4febb213%1789030194.301",
        "openssl/3.5.9#e9977d17028841f6971240542d1f7b11%1790692983.827",
        "nlohmann_json/3.11.3#45828be26eb619a2e04ca517bb7b828d%1701220705.259",
        "json-schema-validator/2.4.0#7a91b14f71f961c2d94a52bd8353d519%1765954078.009",
        "gtest/1.18.0#e2507fc4efe2ec9e2db9e5c91eefab9f%1786446847.733",
        "grpc/1.84.0#c7c2ff9ed88b66eac8b8399c96d8df2c%1789729270.871",
        "c-ares/1.34.8#074b97a9e38159813ed5e2dcfeb290ca%1784539118.141",
        "boost/1.90.0#8f6cebb2f2485af78cbac6289f9861df%1788958837.209",
        "benchmark/1.9.5#b885dc73ad67b40a55d45684d1c88ad1%1774363287.434",
        "abseil/20260107.1#883e95a7be2b767999f64669ac642e5d%1773137897.755"
    ],
    "build_requires": [
        "zlib/1.3.2#1cb806da49011867778ffb6ac7190fcb%1777558780.503",
        "re2/20251105#8579cfd0bda4daf0683f9e3898f964b4%1772560729.95",
        "protobuf/6.33.5#ca5ff466767b31a1b496ec60247e105c%1785159690.783",
        "opentelemetry-proto/1.7.0#ed6d5bd761bef0afb0ba09676420b9ea%1749461220.268",
        "openssl/3.5.9#e9977d17028841f6971240542d1f7b11%1790692983.827",
        "grpc/1.84.0#c7c2ff9ed88b66eac8b8399c96d8df2c%1789729270.871",
        "cmake/4.4.4#fec9c7048fae91e03c31e59977cd9c12%1791276141.315",
        "c-ares/1.34.8#074b97a9e38159813ed5e2dcfeb290ca%1784539118.141",
        "abseil/20260107.1#883e95a7be2b767999f64669ac642e5d%1773137897.755"
    ],
    "python_requires": [],
    "config_requires": []
}
